{
    "version": 3,
    "terraform_version": "0.10.2",
    "serial": 3,
    "lineage": "cb9e680a-89ef-47e9-8fb8-158bf732d61a",
    "modules": [
        {
            "path": [
                "root"
            ],
            "outputs": {},
            "resources": {
                "aws_api_gateway_deployment.JewelsAPI": {
                    "type": "aws_api_gateway_deployment",
                    "depends_on": [
                        "aws_api_gateway_integration.JewelsLambdaIntegration",
                        "aws_api_gateway_integration.JewelsOptionsInt",
                        "aws_api_gateway_integration_response.JewelsAPI_myEndpoint_post",
                        "aws_api_gateway_integration_response.JewelsAPI_myEndpoint_post_400",
                        "aws_api_gateway_method_response.JewelsAPI_myEndpoint_post_200",
                        "aws_api_gateway_method_response.JewelsAPI_myEndpoint_post_400",
                        "aws_api_gateway_rest_api.JewelsAPI"
                    ],
                    "primary": {
                        "id": "t34l30",
                        "attributes": {
                            "created_date": "2017-08-20T17:19:51Z",
                            "description": "",
                            "execution_arn": "arn:aws:execute-api:us-east-1:823387765616:iicvjepx31/test",
                            "id": "t34l30",
                            "invoke_url": "https://iicvjepx31.execute-api.us-east-1.amazonaws.com/test",
                            "rest_api_id": "iicvjepx31",
                            "stage_name": "test"
                        },
                        "meta": {},
                        "tainted": false
                    },
                    "deposed": [],
                    "provider": ""
                },
                "aws_api_gateway_integration.JewelsLambdaIntegration": {
                    "type": "aws_api_gateway_integration",
                    "depends_on": [
                        "aws_api_gateway_method.JewelsMe",
                        "aws_api_gateway_resource.JewelsResource",
                        "aws_api_gateway_rest_api.JewelsAPI"
                    ],
                    "primary": {
                        "id": "agi-iicvjepx31-llh9t9-GET",
                        "attributes": {
                            "cache_key_parameters.#": "0",
                            "cache_namespace": "llh9t9",
                            "credentials": "arn:aws:iam::823387765616:role/jewels",
                            "http_method": "GET",
                            "id": "agi-iicvjepx31-llh9t9-GET",
                            "integration_http_method": "POST",
                            "passthrough_behavior": "WHEN_NO_MATCH",
                            "request_parameters.%": "0",
                            "request_templates.%": "1",
                            "request_templates.application/json": "##  See http://docs.aws.amazon.com/apigateway/latest/developerguide/api-gateway-mapping-template-reference.html\n##  This template will pass through all parameters including path, querystring, header, stage variables, and context through to the integration endpoint via the body/payload\n#set($allParams = $input.params())\n{\n\"body-json\" : $input.json('$'),\n\"params\" : {\n#foreach($type in $allParams.keySet())\n    #set($params = $allParams.get($type))\n\"$type\" : {\n    #foreach($paramName in $params.keySet())\n    \"$paramName\" : \"$util.escapeJavaScript($params.get($paramName))\"\n        #if($foreach.hasNext),#end\n    #end\n}\n    #if($foreach.hasNext),#end\n#end\n},\n\"stage-variables\" : {\n#foreach($key in $stageVariables.keySet())\n\"$key\" : \"$util.escapeJavaScript($stageVariables.get($key))\"\n    #if($foreach.hasNext),#end\n#end\n},\n\"context\" : {\n    \"account-id\" : \"$context.identity.accountId\",\n    \"api-id\" : \"$context.apiId\",\n    \"api-key\" : \"$context.identity.apiKey\",\n    \"authorizer-principal-id\" : \"$context.authorizer.principalId\",\n    \"caller\" : \"$context.identity.caller\",\n    \"cognito-authentication-provider\" : \"$context.identity.cognitoAuthenticationProvider\",\n    \"cognito-authentication-type\" : \"$context.identity.cognitoAuthenticationType\",\n    \"cognito-identity-id\" : \"$context.identity.cognitoIdentityId\",\n    \"cognito-identity-pool-id\" : \"$context.identity.cognitoIdentityPoolId\",\n    \"http-method\" : \"$context.httpMethod\",\n    \"stage\" : \"$context.stage\",\n    \"source-ip\" : \"$context.identity.sourceIp\",\n    \"user\" : \"$context.identity.user\",\n    \"user-agent\" : \"$context.identity.userAgent\",\n    \"user-arn\" : \"$context.identity.userArn\",\n    \"request-id\" : \"$context.requestId\",\n    \"resource-id\" : \"$context.resourceId\",\n    \"resource-path\" : \"$context.resourcePath\"\n    }\n}\n\n",
                            "resource_id": "llh9t9",
                            "rest_api_id": "iicvjepx31",
                            "type": "AWS",
                            "uri": "arn:aws:apigateway:eu-west-1:lambda:path/2015-03-31/functions/arn:aws:lambda:eu-west-1:823387765616:function:jewels_api/invocations"
                        },
                        "meta": {},
                        "tainted": false
                    },
                    "deposed": [],
                    "provider": ""
                },
                "aws_api_gateway_integration.JewelsOptionsInt": {
                    "type": "aws_api_gateway_integration",
                    "depends_on": [
                        "aws_api_gateway_method.JewelsOptions",
                        "aws_api_gateway_resource.JewelsResource",
                        "aws_api_gateway_rest_api.JewelsAPI"
                    ],
                    "primary": {
                        "id": "agi-iicvjepx31-llh9t9-OPTIONS",
                        "attributes": {
                            "cache_key_parameters.#": "0",
                            "cache_namespace": "llh9t9",
                            "http_method": "OPTIONS",
                            "id": "agi-iicvjepx31-llh9t9-OPTIONS",
                            "passthrough_behavior": "WHEN_NO_MATCH",
                            "request_parameters.%": "0",
                            "request_templates.%": "1",
                            "request_templates.application/json": "{\"statusCode\": 200}\n",
                            "resource_id": "llh9t9",
                            "rest_api_id": "iicvjepx31",
                            "type": "MOCK"
                        },
                        "meta": {},
                        "tainted": false
                    },
                    "deposed": [],
                    "provider": ""
                },
                "aws_api_gateway_integration_response.JewelsAPI_myEndpoint_post": {
                    "type": "aws_api_gateway_integration_response",
                    "depends_on": [
                        "aws_api_gateway_method.JewelsMe",
                        "aws_api_gateway_method_response.JewelsAPI_myEndpoint_post_200",
                        "aws_api_gateway_resource.JewelsResource",
                        "aws_api_gateway_rest_api.JewelsAPI"
                    ],
                    "primary": {
                        "id": "agir-iicvjepx31-llh9t9-GET-200",
                        "attributes": {
                            "http_method": "GET",
                            "id": "agir-iicvjepx31-llh9t9-GET-200",
                            "resource_id": "llh9t9",
                            "response_parameters.%": "1",
                            "response_parameters.method.response.header.Access-Control-Allow-Origin": "'*'",
                            "response_templates.%": "0",
                            "rest_api_id": "iicvjepx31",
                            "selection_pattern": "",
                            "status_code": "200"
                        },
                        "meta": {},
                        "tainted": false
                    },
                    "deposed": [],
                    "provider": ""
                },
                "aws_api_gateway_integration_response.JewelsAPI_myEndpoint_post_400": {
                    "type": "aws_api_gateway_integration_response",
                    "depends_on": [
                        "aws_api_gateway_method.JewelsMe",
                        "aws_api_gateway_method_response.JewelsAPI_myEndpoint_post_400",
                        "aws_api_gateway_resource.JewelsResource",
                        "aws_api_gateway_rest_api.JewelsAPI"
                    ],
                    "primary": {
                        "id": "agir-iicvjepx31-llh9t9-GET-400",
                        "attributes": {
                            "http_method": "GET",
                            "id": "agir-iicvjepx31-llh9t9-GET-400",
                            "resource_id": "llh9t9",
                            "response_parameters.%": "1",
                            "response_parameters.method.response.header.Access-Control-Allow-Origin": "'*'",
                            "response_templates.%": "1",
                            "response_templates.application/json": "#set ($errorMessageObj = $util.parseJson($input.path('$.errorMessage')))\n{\n  \"message\" : \"$errorMessageObj.message\"\n}\n",
                            "rest_api_id": "iicvjepx31",
                            "selection_pattern": ".*message.*",
                            "status_code": "400"
                        },
                        "meta": {},
                        "tainted": false
                    },
                    "deposed": [],
                    "provider": ""
                },
                "aws_api_gateway_integration_response.JewelsOptionsInt200": {
                    "type": "aws_api_gateway_integration_response",
                    "depends_on": [
                        "aws_api_gateway_method.JewelsOptions",
                        "aws_api_gateway_method_response.JewelsOptionsRes200",
                        "aws_api_gateway_resource.JewelsResource",
                        "aws_api_gateway_rest_api.JewelsAPI"
                    ],
                    "primary": {
                        "id": "agir-iicvjepx31-llh9t9-OPTIONS-200",
                        "attributes": {
                            "http_method": "OPTIONS",
                            "id": "agir-iicvjepx31-llh9t9-OPTIONS-200",
                            "resource_id": "llh9t9",
                            "response_parameters.%": "3",
                            "response_parameters.method.response.header.Access-Control-Allow-Headers": "'Content-Type,X-Amz-Date,Authorization,X-Api-Key,X-Amz-Security-Token'",
                            "response_parameters.method.response.header.Access-Control-Allow-Methods": "'POST,OPTIONS'",
                            "response_parameters.method.response.header.Access-Control-Allow-Origin": "'*'",
                            "response_templates.%": "1",
                            "response_templates.application/json": "{}\n",
                            "rest_api_id": "iicvjepx31",
                            "selection_pattern": "",
                            "status_code": "200"
                        },
                        "meta": {},
                        "tainted": false
                    },
                    "deposed": [],
                    "provider": ""
                },
                "aws_api_gateway_method.JewelsMe": {
                    "type": "aws_api_gateway_method",
                    "depends_on": [
                        "aws_api_gateway_resource.JewelsResource",
                        "aws_api_gateway_rest_api.JewelsAPI"
                    ],
                    "primary": {
                        "id": "agm-iicvjepx31-llh9t9-GET",
                        "attributes": {
                            "api_key_required": "false",
                            "authorization": "NONE",
                            "http_method": "GET",
                            "id": "agm-iicvjepx31-llh9t9-GET",
                            "request_parameters.%": "2",
                            "request_parameters.method.request.header.Access-Control-Allow-Origin": "true",
                            "request_parameters.method.request.querystring.query": "true",
                            "resource_id": "llh9t9",
                            "rest_api_id": "iicvjepx31"
                        },
                        "meta": {},
                        "tainted": false
                    },
                    "deposed": [],
                    "provider": ""
                },
                "aws_api_gateway_method.JewelsOptions": {
                    "type": "aws_api_gateway_method",
                    "depends_on": [
                        "aws_api_gateway_resource.JewelsResource",
                        "aws_api_gateway_rest_api.JewelsAPI"
                    ],
                    "primary": {
                        "id": "agm-iicvjepx31-llh9t9-OPTIONS",
                        "attributes": {
                            "api_key_required": "false",
                            "authorization": "NONE",
                            "http_method": "OPTIONS",
                            "id": "agm-iicvjepx31-llh9t9-OPTIONS",
                            "resource_id": "llh9t9",
                            "rest_api_id": "iicvjepx31"
                        },
                        "meta": {},
                        "tainted": false
                    },
                    "deposed": [],
                    "provider": ""
                },
                "aws_api_gateway_method_response.JewelsAPI_myEndpoint_post_200": {
                    "type": "aws_api_gateway_method_response",
                    "depends_on": [
                        "aws_api_gateway_method.JewelsMe",
                        "aws_api_gateway_resource.JewelsResource",
                        "aws_api_gateway_rest_api.JewelsAPI"
                    ],
                    "primary": {
                        "id": "agmr-iicvjepx31-llh9t9-GET-200",
                        "attributes": {
                            "http_method": "GET",
                            "id": "agmr-iicvjepx31-llh9t9-GET-200",
                            "resource_id": "llh9t9",
                            "response_parameters.%": "1",
                            "response_parameters.method.response.header.Access-Control-Allow-Origin": "true",
                            "rest_api_id": "iicvjepx31",
                            "status_code": "200"
                        },
                        "meta": {},
                        "tainted": false
                    },
                    "deposed": [],
                    "provider": ""
                },
                "aws_api_gateway_method_response.JewelsAPI_myEndpoint_post_400": {
                    "type": "aws_api_gateway_method_response",
                    "depends_on": [
                        "aws_api_gateway_method.JewelsMe",
                        "aws_api_gateway_resource.JewelsResource",
                        "aws_api_gateway_rest_api.JewelsAPI"
                    ],
                    "primary": {
                        "id": "agmr-iicvjepx31-llh9t9-GET-400",
                        "attributes": {
                            "http_method": "GET",
                            "id": "agmr-iicvjepx31-llh9t9-GET-400",
                            "resource_id": "llh9t9",
                            "response_parameters.%": "1",
                            "response_parameters.method.response.header.Access-Control-Allow-Origin": "true",
                            "rest_api_id": "iicvjepx31",
                            "status_code": "400"
                        },
                        "meta": {},
                        "tainted": false
                    },
                    "deposed": [],
                    "provider": ""
                },
                "aws_api_gateway_method_response.JewelsOptionsRes200": {
                    "type": "aws_api_gateway_method_response",
                    "depends_on": [
                        "aws_api_gateway_method.JewelsOptions",
                        "aws_api_gateway_resource.JewelsResource",
                        "aws_api_gateway_rest_api.JewelsAPI"
                    ],
                    "primary": {
                        "id": "agmr-iicvjepx31-llh9t9-OPTIONS-200",
                        "attributes": {
                            "http_method": "OPTIONS",
                            "id": "agmr-iicvjepx31-llh9t9-OPTIONS-200",
                            "resource_id": "llh9t9",
                            "response_models.%": "1",
                            "response_models.application/json": "Empty",
                            "response_parameters.%": "3",
                            "response_parameters.method.response.header.Access-Control-Allow-Headers": "true",
                            "response_parameters.method.response.header.Access-Control-Allow-Methods": "true",
                            "response_parameters.method.response.header.Access-Control-Allow-Origin": "true",
                            "rest_api_id": "iicvjepx31",
                            "status_code": "200"
                        },
                        "meta": {},
                        "tainted": false
                    },
                    "deposed": [],
                    "provider": ""
                },
                "aws_api_gateway_resource.JewelsResource": {
                    "type": "aws_api_gateway_resource",
                    "depends_on": [
                        "aws_api_gateway_rest_api.JewelsAPI"
                    ],
                    "primary": {
                        "id": "llh9t9",
                        "attributes": {
                            "id": "llh9t9",
                            "parent_id": "sfg89vowrc",
                            "path": "/api",
                            "path_part": "api",
                            "rest_api_id": "iicvjepx31"
                        },
                        "meta": {},
                        "tainted": false
                    },
                    "deposed": [],
                    "provider": ""
                },
                "aws_api_gateway_rest_api.JewelsAPI": {
                    "type": "aws_api_gateway_rest_api",
                    "depends_on": [],
                    "primary": {
                        "id": "iicvjepx31",
                        "attributes": {
                            "binary_media_types.#": "0",
                            "created_date": "2017-08-20T17:19:44Z",
                            "description": "provides endpoints for the jewels service",
                            "id": "iicvjepx31",
                            "name": "JewelsAPI",
                            "root_resource_id": "sfg89vowrc"
                        },
                        "meta": {},
                        "tainted": false
                    },
                    "deposed": [],
                    "provider": ""
                }
            },
            "depends_on": []
        }
    ]
}
